{
  "version": 4,
  "terraform_version": "1.2.8",
  "serial": 5,
  "lineage": "d5b55f36-9ec7-3e23-938d-a8771c01737c",
  "outputs": {},
  "resources": [
    {
      "mode": "data",
      "type": "aws_eks_cluster",
      "name": "cluster",
      "provider": "provider[\"registry.terraform.io/hashicorp/aws\"]",
      "instances": [
        {
          "schema_version": 0,
          "attributes": {
            "arn": "arn:aws:eks:us-east-1:598124787131:cluster/EOPS-TEST-HCLEKS",
            "certificate_authority": [
              {
                "data": "LS0tLS1CRUdJTiBDRVJUSUZJQ0FURS0tLS0tCk1JSUMvakNDQWVhZ0F3SUJBZ0lCQURBTkJna3Foa2lHOXcwQkFRc0ZBREFWTVJNd0VRWURWUVFERXdwcmRXSmwKY201bGRHVnpNQjRYRFRJeU1UQXlNVEEwTkRneU0xb1hEVE15TVRBeE9EQTBORGd5TTFvd0ZURVRNQkVHQTFVRQpBeE1LYTNWaVpYSnVaWFJsY3pDQ0FTSXdEUVlKS29aSWh2Y05BUUVCQlFBRGdnRVBBRENDQVFvQ2dnRUJBS245CkFpZ3dSOTY4TXNOYXNJOTV1OUMycVFHSnNHMENPNG1TcnI1ZmgyL05TRVhKWlFMbEdJVEhacWJnTmpKKytSb3EKZjkvdk5aT0xOWmYzWUMvUE5ORkVQMGI2RGw4TnJyY1RaeWdUTi90cU9aK3ozNWJWbFJYUWZhTXlhcWllS3BiRAp6T1dGVzhORGs5dFNlL1VyMWJjd216cSt3QW81eTlKdWxGNjJ4VkE2MDdKM0FUS012Q0ZCbTlSR01uRjFJcTVDCjJRWWZ1M1JqTmE1L0J4dmx1blVWbHMwRllSL2FSa3hnMEF3cFNJN0Qxc3I5djdwVHJYY1EwZ1ZqUXpyTkRrc3MKN1BUa0wrd0FSOEwxS1ZwdkZ2ZlZjVisyUDZZdTI2STZsdVJPbHF4ZWFiMmN5OGZCR0xMUFlNUnFzR1ZIKzEzVAo4OUwxWXJmSE5kNlYwalpYYlJrQ0F3RUFBYU5aTUZjd0RnWURWUjBQQVFIL0JBUURBZ0trTUE4R0ExVWRFd0VCCi93UUZNQU1CQWY4d0hRWURWUjBPQkJZRUZDZFFIYTR4bDZUQzRvTU5NNCszSE4zcW1IVmpNQlVHQTFVZEVRUU8KTUF5Q0NtdDFZbVZ5Ym1WMFpYTXdEUVlKS29aSWh2Y05BUUVMQlFBRGdnRUJBSEtGNHVXMjA3bTM3UUFCYzFQegpYNEhUZTM2OHd4VUpRRmhVV1c3bUtqMzY5YTBNK0NqWVE3elNBY1dBblBEbzFsUjhHQjFTbjg5WkljcFRVRzFyClQra3JGM3lURmpkZTdtc25Mb053UG1ycUxCMnBnRGdScjJYK3NQL0dkNW5rbU5nTVROSlk4R3NEN1IwaVFuRXEKZ0VpdURJVnVZRS9pdk9ZK05lelF3YWFFajNMUGd2SkdXRFdDYkdZeG1GRFdOYTJWUXdLYTdCcHBDRmZBZVpBZgpZNXBla3R1dDBQV3dIWVJZY053TzRUQnA2a2IvOXArZHJqWnh1dVBHNTFXc2kzS2czbWRPdWlHN2p1RlNsZGsxCmN3SzF2TTRTbGtHcFhDOTdWaFBsbFd0emRvQVd1VU5qSzMyRm1FZk1YYnh5RUtEQ21COXpEZjJrQkFBMDlUNU8KTSswPQotLS0tLUVORCBDRVJUSUZJQ0FURS0tLS0tCg=="
              }
            ],
            "created_at": "2022-10-21 04:42:59.048 +0000 UTC",
            "enabled_cluster_log_types": [
              "api",
              "audit",
              "authenticator",
              "controllerManager",
              "scheduler"
            ],
            "endpoint": "https://27B9CAA609CEF08A78EF68E764AECF7E.gr7.us-east-1.eks.amazonaws.com",
            "id": "EOPS-TEST-HCLEKS",
            "identity": [
              {
                "oidc": [
                  {
                    "issuer": "https://oidc.eks.us-east-1.amazonaws.com/id/27B9CAA609CEF08A78EF68E764AECF7E"
                  }
                ]
              }
            ],
            "kubernetes_network_config": [
              {
                "ip_family": "ipv4",
                "service_ipv4_cidr": "172.20.0.0/16"
              }
            ],
            "name": "EOPS-TEST-HCLEKS",
            "platform_version": "eks.6",
            "role_arn": "arn:aws:iam::598124787131:role/EOPS-TEST-eks-master-role",
            "status": "ACTIVE",
            "tags": {},
            "version": "1.22",
            "vpc_config": [
              {
                "cluster_security_group_id": "sg-02c7e110c87281271",
                "endpoint_private_access": false,
                "endpoint_public_access": true,
                "public_access_cidrs": [
                  "0.0.0.0/0"
                ],
                "security_group_ids": [],
                "subnet_ids": [
                  "subnet-03336f78faad55a73",
                  "subnet-0fc52e10afe1da98e"
                ],
                "vpc_id": "vpc-03644ba0f730f6d36"
              }
            ]
          },
          "sensitive_attributes": []
        }
      ]
    },
    {
      "mode": "data",
      "type": "aws_eks_cluster_auth",
      "name": "cluster",
      "provider": "provider[\"registry.terraform.io/hashicorp/aws\"]",
      "instances": [
        {
          "schema_version": 0,
          "attributes": {
            "id": "EOPS-TEST-HCLEKS",
            "name": "EOPS-TEST-HCLEKS",
            "token": "k8s-aws-v1.aHR0cHM6Ly9zdHMuYW1hem9uYXdzLmNvbS8_QWN0aW9uPUdldENhbGxlcklkZW50aXR5JlZlcnNpb249MjAxMS0wNi0xNSZYLUFtei1BbGdvcml0aG09QVdTNC1ITUFDLVNIQTI1NiZYLUFtei1DcmVkZW50aWFsPUFLSUFZV1FZRDZXNVNYS1lQSkFZJTJGMjAyMjEwMjElMkZ1cy1lYXN0LTElMkZzdHMlMkZhd3M0X3JlcXVlc3QmWC1BbXotRGF0ZT0yMDIyMTAyMVQwNTI4MTZaJlgtQW16LUV4cGlyZXM9MCZYLUFtei1TaWduZWRIZWFkZXJzPWhvc3QlM0J4LWs4cy1hd3MtaWQmWC1BbXotU2lnbmF0dXJlPTE3YTk5MjcyNmE4ZDQ1OWYyODY1ZTMwNmRlODNkYTY2OGUwNzYwM2ZhNmEyMWYxYjE3NjU0MWQ1NDlhYjlhNTM"
          },
          "sensitive_attributes": []
        }
      ]
    },
    {
      "mode": "data",
      "type": "terraform_remote_state",
      "name": "eks",
      "provider": "provider[\"terraform.io/builtin/terraform\"]",
      "instances": [
        {
          "schema_version": 0,
          "attributes": {
            "backend": "local",
            "config": {
              "value": {
                "path": "../../01-AWS-EKS-Cluster-Basics/01-ekscluster-terraform-manifests/terraform.tfstate"
              },
              "type": [
                "object",
                {
                  "path": "string"
                }
              ]
            },
            "defaults": null,
            "outputs": {
              "value": {
                "azs": [
                  "us-east-1a",
                  "us-east-1b",
                  "us-east-1c",
                  "us-east-1d",
                  "us-east-1e",
                  "us-east-1f"
                ],
                "cluster_arn": "arn:aws:eks:us-east-1:598124787131:cluster/EOPS-TEST-HCLEKS",
                "cluster_certificate_authority_data": "LS0tLS1CRUdJTiBDRVJUSUZJQ0FURS0tLS0tCk1JSUMvakNDQWVhZ0F3SUJBZ0lCQURBTkJna3Foa2lHOXcwQkFRc0ZBREFWTVJNd0VRWURWUVFERXdwcmRXSmwKY201bGRHVnpNQjRYRFRJeU1UQXlNVEEwTkRneU0xb1hEVE15TVRBeE9EQTBORGd5TTFvd0ZURVRNQkVHQTFVRQpBeE1LYTNWaVpYSnVaWFJsY3pDQ0FTSXdEUVlKS29aSWh2Y05BUUVCQlFBRGdnRVBBRENDQVFvQ2dnRUJBS245CkFpZ3dSOTY4TXNOYXNJOTV1OUMycVFHSnNHMENPNG1TcnI1ZmgyL05TRVhKWlFMbEdJVEhacWJnTmpKKytSb3EKZjkvdk5aT0xOWmYzWUMvUE5ORkVQMGI2RGw4TnJyY1RaeWdUTi90cU9aK3ozNWJWbFJYUWZhTXlhcWllS3BiRAp6T1dGVzhORGs5dFNlL1VyMWJjd216cSt3QW81eTlKdWxGNjJ4VkE2MDdKM0FUS012Q0ZCbTlSR01uRjFJcTVDCjJRWWZ1M1JqTmE1L0J4dmx1blVWbHMwRllSL2FSa3hnMEF3cFNJN0Qxc3I5djdwVHJYY1EwZ1ZqUXpyTkRrc3MKN1BUa0wrd0FSOEwxS1ZwdkZ2ZlZjVisyUDZZdTI2STZsdVJPbHF4ZWFiMmN5OGZCR0xMUFlNUnFzR1ZIKzEzVAo4OUwxWXJmSE5kNlYwalpYYlJrQ0F3RUFBYU5aTUZjd0RnWURWUjBQQVFIL0JBUURBZ0trTUE4R0ExVWRFd0VCCi93UUZNQU1CQWY4d0hRWURWUjBPQkJZRUZDZFFIYTR4bDZUQzRvTU5NNCszSE4zcW1IVmpNQlVHQTFVZEVRUU8KTUF5Q0NtdDFZbVZ5Ym1WMFpYTXdEUVlKS29aSWh2Y05BUUVMQlFBRGdnRUJBSEtGNHVXMjA3bTM3UUFCYzFQegpYNEhUZTM2OHd4VUpRRmhVV1c3bUtqMzY5YTBNK0NqWVE3elNBY1dBblBEbzFsUjhHQjFTbjg5WkljcFRVRzFyClQra3JGM3lURmpkZTdtc25Mb053UG1ycUxCMnBnRGdScjJYK3NQL0dkNW5rbU5nTVROSlk4R3NEN1IwaVFuRXEKZ0VpdURJVnVZRS9pdk9ZK05lelF3YWFFajNMUGd2SkdXRFdDYkdZeG1GRFdOYTJWUXdLYTdCcHBDRmZBZVpBZgpZNXBla3R1dDBQV3dIWVJZY053TzRUQnA2a2IvOXArZHJqWnh1dVBHNTFXc2kzS2czbWRPdWlHN2p1RlNsZGsxCmN3SzF2TTRTbGtHcFhDOTdWaFBsbFd0emRvQVd1VU5qSzMyRm1FZk1YYnh5RUtEQ21COXpEZjJrQkFBMDlUNU8KTSswPQotLS0tLUVORCBDRVJUSUZJQ0FURS0tLS0tCg==",
                "cluster_endpoint": "https://27B9CAA609CEF08A78EF68E764AECF7E.gr7.us-east-1.eks.amazonaws.com",
                "cluster_iam_role_arn": "arn:aws:iam::598124787131:role/EOPS-TEST-eks-master-role",
                "cluster_iam_role_name": "EOPS-TEST-eks-master-role",
                "cluster_id": "EOPS-TEST-HCLEKS",
                "cluster_oidc_issuer_url": "https://oidc.eks.us-east-1.amazonaws.com/id/27B9CAA609CEF08A78EF68E764AECF7E",
                "cluster_primary_security_group_id": "sg-02c7e110c87281271",
                "cluster_version": "1.22",
                "ec2_bastion_public_instance_ids": "i-0298f7d64bbfd383a",
                "ec2_bastion_public_ip": "44.194.212.195",
                "nat_public_ips": [
                  "23.22.76.19"
                ],
                "node_group_public_arn": "arn:aws:eks:us-east-1:598124787131:nodegroup/EOPS-TEST-HCLEKS/EOPS-TEST-eks-ng-public/98c1fc70-e075-c0cb-96fb-126cf6a0a2fb",
                "node_group_public_id": "EOPS-TEST-HCLEKS:EOPS-TEST-eks-ng-public",
                "node_group_public_status": "ACTIVE",
                "node_group_public_version": "1.22",
                "private_subnets": [
                  "subnet-06c14fc90d757f7ba",
                  "subnet-023685d2b480aa838"
                ],
                "public_subnets": [
                  "subnet-0fc52e10afe1da98e",
                  "subnet-03336f78faad55a73"
                ],
                "vpc_cidr_block": "10.0.0.0/16",
                "vpc_id": "vpc-03644ba0f730f6d36"
              },
              "type": [
                "object",
                {
                  "azs": [
                    "list",
                    "string"
                  ],
                  "cluster_arn": "string",
                  "cluster_certificate_authority_data": "string",
                  "cluster_endpoint": "string",
                  "cluster_iam_role_arn": "string",
                  "cluster_iam_role_name": "string",
                  "cluster_id": "string",
                  "cluster_oidc_issuer_url": "string",
                  "cluster_primary_security_group_id": "string",
                  "cluster_version": "string",
                  "ec2_bastion_public_instance_ids": "string",
                  "ec2_bastion_public_ip": "string",
                  "nat_public_ips": [
                    "list",
                    "string"
                  ],
                  "node_group_public_arn": "string",
                  "node_group_public_id": "string",
                  "node_group_public_status": "string",
                  "node_group_public_version": "string",
                  "private_subnets": [
                    "tuple",
                    [
                      "string",
                      "string"
                    ]
                  ],
                  "public_subnets": [
                    "tuple",
                    [
                      "string",
                      "string"
                    ]
                  ],
                  "vpc_cidr_block": "string",
                  "vpc_id": "string"
                }
              ]
            },
            "workspace": null
          },
          "sensitive_attributes": []
        }
      ]
    },
    {
      "mode": "managed",
      "type": "kubernetes_deployment_v1",
      "name": "myapp1",
      "provider": "provider[\"registry.terraform.io/hashicorp/kubernetes\"]",
      "instances": [
        {
          "schema_version": 1,
          "attributes": {
            "id": "default/myapp1-deployment",
            "metadata": [
              {
                "annotations": null,
                "generate_name": "",
                "generation": 1,
                "labels": {
                  "app": "myapp1"
                },
                "name": "myapp1-deployment",
                "namespace": "default",
                "resource_version": "7162",
                "uid": "7e9fcaf1-88ea-4334-ad7f-330841ca4f04"
              }
            ],
            "spec": [
              {
                "min_ready_seconds": 0,
                "paused": false,
                "progress_deadline_seconds": 600,
                "replicas": "2",
                "revision_history_limit": 10,
                "selector": [
                  {
                    "match_expressions": [],
                    "match_labels": {
                      "app": "myapp1"
                    }
                  }
                ],
                "strategy": [
                  {
                    "rolling_update": [
                      {
                        "max_surge": "25%",
                        "max_unavailable": "25%"
                      }
                    ],
                    "type": "RollingUpdate"
                  }
                ],
                "template": [
                  {
                    "metadata": [
                      {
                        "annotations": null,
                        "generate_name": "",
                        "generation": 0,
                        "labels": {
                          "app": "myapp1"
                        },
                        "name": "",
                        "namespace": "",
                        "resource_version": "",
                        "uid": ""
                      }
                    ],
                    "spec": [
                      {
                        "active_deadline_seconds": 0,
                        "affinity": [],
                        "automount_service_account_token": true,
                        "container": [
                          {
                            "args": null,
                            "command": null,
                            "env": [],
                            "env_from": [],
                            "image": "stacksimplify/kubenginx:1.0.0",
                            "image_pull_policy": "IfNotPresent",
                            "lifecycle": [],
                            "liveness_probe": [],
                            "name": "myapp1-container",
                            "port": [
                              {
                                "container_port": 80,
                                "host_ip": "",
                                "host_port": 0,
                                "name": "",
                                "protocol": "TCP"
                              }
                            ],
                            "readiness_probe": [],
                            "resources": [
                              {
                                "limits": null,
                                "requests": null
                              }
                            ],
                            "security_context": [],
                            "startup_probe": [],
                            "stdin": false,
                            "stdin_once": false,
                            "termination_message_path": "/dev/termination-log",
                            "termination_message_policy": "File",
                            "tty": false,
                            "volume_mount": [],
                            "working_dir": ""
                          }
                        ],
                        "dns_config": [],
                        "dns_policy": "ClusterFirst",
                        "enable_service_links": true,
                        "host_aliases": [],
                        "host_ipc": false,
                        "host_network": false,
                        "host_pid": false,
                        "hostname": "",
                        "image_pull_secrets": [],
                        "init_container": [],
                        "node_name": "",
                        "node_selector": null,
                        "priority_class_name": "",
                        "readiness_gate": [],
                        "restart_policy": "Always",
                        "security_context": [],
                        "service_account_name": "",
                        "share_process_namespace": false,
                        "subdomain": "",
                        "termination_grace_period_seconds": 30,
                        "toleration": [],
                        "topology_spread_constraint": [],
                        "volume": []
                      }
                    ]
                  }
                ]
              }
            ],
            "timeouts": null,
            "wait_for_rollout": true
          },
          "sensitive_attributes": [],
          "private": "eyJlMmJmYjczMC1lY2FhLTExZTYtOGY4OC0zNDM2M2JjN2M0YzAiOnsiY3JlYXRlIjo2MDAwMDAwMDAwMDAsImRlbGV0ZSI6NjAwMDAwMDAwMDAwLCJ1cGRhdGUiOjYwMDAwMDAwMDAwMH0sInNjaGVtYV92ZXJzaW9uIjoiMSJ9",
          "dependencies": [
            "data.aws_eks_cluster_auth.cluster",
            "data.terraform_remote_state.eks"
          ]
        }
      ]
    },
    {
      "mode": "managed",
      "type": "kubernetes_service_v1",
      "name": "lb_service",
      "provider": "provider[\"registry.terraform.io/hashicorp/kubernetes\"]",
      "instances": [
        {
          "schema_version": 1,
          "attributes": {
            "id": "default/myapp1-lb-service",
            "metadata": [
              {
                "annotations": null,
                "generate_name": "",
                "generation": 0,
                "labels": null,
                "name": "myapp1-lb-service",
                "namespace": "default",
                "resource_version": "7192",
                "uid": "24478d6c-526a-4f65-b0de-3e5d61f00241"
              }
            ],
            "spec": [
              {
                "allocate_load_balancer_node_ports": true,
                "cluster_ip": "172.20.119.82",
                "cluster_ips": [
                  "172.20.119.82"
                ],
                "external_ips": null,
                "external_name": "",
                "external_traffic_policy": "Cluster",
                "health_check_node_port": 0,
                "internal_traffic_policy": "Cluster",
                "ip_families": [
                  "IPv4"
                ],
                "ip_family_policy": "SingleStack",
                "load_balancer_class": "",
                "load_balancer_ip": "",
                "load_balancer_source_ranges": null,
                "port": [
                  {
                    "app_protocol": "",
                    "name": "http",
                    "node_port": 31579,
                    "port": 80,
                    "protocol": "TCP",
                    "target_port": "80"
                  }
                ],
                "publish_not_ready_addresses": false,
                "selector": {
                  "app": "myapp1"
                },
                "session_affinity": "None",
                "session_affinity_config": [],
                "type": "LoadBalancer"
              }
            ],
            "status": [
              {
                "load_balancer": [
                  {
                    "ingress": [
                      {
                        "hostname": "a24478d6c526a4f65b0de3e5d61f0024-318906662.us-east-1.elb.amazonaws.com",
                        "ip": ""
                      }
                    ]
                  }
                ]
              }
            ],
            "timeouts": null,
            "wait_for_load_balancer": true
          },
          "sensitive_attributes": [],
          "private": "eyJlMmJmYjczMC1lY2FhLTExZTYtOGY4OC0zNDM2M2JjN2M0YzAiOnsiY3JlYXRlIjo2MDAwMDAwMDAwMDB9LCJzY2hlbWFfdmVyc2lvbiI6IjEifQ==",
          "dependencies": [
            "data.aws_eks_cluster_auth.cluster",
            "data.terraform_remote_state.eks",
            "kubernetes_deployment_v1.myapp1"
          ]
        }
      ]
    },
    {
      "mode": "managed",
      "type": "kubernetes_service_v1",
      "name": "lb_service_nlb",
      "provider": "provider[\"registry.terraform.io/hashicorp/kubernetes\"]",
      "instances": [
        {
          "schema_version": 1,
          "attributes": {
            "id": "default/myapp1-lb-service-nlb",
            "metadata": [
              {
                "annotations": {
                  "service.beta.kubernetes.io/aws-load-balancer-type": "nlb"
                },
                "generate_name": "",
                "generation": 0,
                "labels": null,
                "name": "myapp1-lb-service-nlb",
                "namespace": "default",
                "resource_version": "7200",
                "uid": "95fbb695-aefc-4678-b920-38cb905ee18e"
              }
            ],
            "spec": [
              {
                "allocate_load_balancer_node_ports": true,
                "cluster_ip": "172.20.200.24",
                "cluster_ips": [
                  "172.20.200.24"
                ],
                "external_ips": null,
                "external_name": "",
                "external_traffic_policy": "Cluster",
                "health_check_node_port": 0,
                "internal_traffic_policy": "Cluster",
                "ip_families": [
                  "IPv4"
                ],
                "ip_family_policy": "SingleStack",
                "load_balancer_class": "",
                "load_balancer_ip": "",
                "load_balancer_source_ranges": null,
                "port": [
                  {
                    "app_protocol": "",
                    "name": "http",
                    "node_port": 31039,
                    "port": 80,
                    "protocol": "TCP",
                    "target_port": "80"
                  }
                ],
                "publish_not_ready_addresses": false,
                "selector": {
                  "app": "myapp1"
                },
                "session_affinity": "None",
                "session_affinity_config": [],
                "type": "LoadBalancer"
              }
            ],
            "status": [
              {
                "load_balancer": [
                  {
                    "ingress": [
                      {
                        "hostname": "a95fbb695aefc4678b92038cb905ee18-8a2dbe2bb823a746.elb.us-east-1.amazonaws.com",
                        "ip": ""
                      }
                    ]
                  }
                ]
              }
            ],
            "timeouts": null,
            "wait_for_load_balancer": true
          },
          "sensitive_attributes": [],
          "private": "eyJlMmJmYjczMC1lY2FhLTExZTYtOGY4OC0zNDM2M2JjN2M0YzAiOnsiY3JlYXRlIjo2MDAwMDAwMDAwMDB9LCJzY2hlbWFfdmVyc2lvbiI6IjEifQ==",
          "dependencies": [
            "data.aws_eks_cluster_auth.cluster",
            "data.terraform_remote_state.eks",
            "kubernetes_deployment_v1.myapp1"
          ]
        }
      ]
    },
    {
      "mode": "managed",
      "type": "kubernetes_service_v1",
      "name": "np_service",
      "provider": "provider[\"registry.terraform.io/hashicorp/kubernetes\"]",
      "instances": [
        {
          "schema_version": 1,
          "attributes": {
            "id": "default/myapp1-nodeport-service",
            "metadata": [
              {
                "annotations": null,
                "generate_name": "",
                "generation": 0,
                "labels": null,
                "name": "myapp1-nodeport-service",
                "namespace": "default",
                "resource_version": "7170",
                "uid": "89e8948f-90f4-4493-ba81-39b224c9fa37"
              }
            ],
            "spec": [
              {
                "allocate_load_balancer_node_ports": true,
                "cluster_ip": "172.20.184.195",
                "cluster_ips": [
                  "172.20.184.195"
                ],
                "external_ips": null,
                "external_name": "",
                "external_traffic_policy": "Cluster",
                "health_check_node_port": 0,
                "internal_traffic_policy": "Cluster",
                "ip_families": [
                  "IPv4"
                ],
                "ip_family_policy": "SingleStack",
                "load_balancer_class": "",
                "load_balancer_ip": "",
                "load_balancer_source_ranges": null,
                "port": [
                  {
                    "app_protocol": "",
                    "name": "http",
                    "node_port": 31280,
                    "port": 80,
                    "protocol": "TCP",
                    "target_port": "80"
                  }
                ],
                "publish_not_ready_addresses": false,
                "selector": {
                  "app": "myapp1"
                },
                "session_affinity": "None",
                "session_affinity_config": [],
                "type": "NodePort"
              }
            ],
            "status": [
              {
                "load_balancer": [
                  {
                    "ingress": []
                  }
                ]
              }
            ],
            "timeouts": null,
            "wait_for_load_balancer": true
          },
          "sensitive_attributes": [],
          "private": "eyJlMmJmYjczMC1lY2FhLTExZTYtOGY4OC0zNDM2M2JjN2M0YzAiOnsiY3JlYXRlIjo2MDAwMDAwMDAwMDB9LCJzY2hlbWFfdmVyc2lvbiI6IjEifQ==",
          "dependencies": [
            "data.aws_eks_cluster_auth.cluster",
            "data.terraform_remote_state.eks",
            "kubernetes_deployment_v1.myapp1"
          ]
        }
      ]
    }
  ]
}
